github.com/rakunlabs/ok v0.1.0 h1:rzzhj3iclFMqRPN0H0Y/3cxJe7VbVviwDmbTIPEkrkk=
github.com/rakunlabs/ok v0.1.0/go.mod h1:lPj4reTAqjK/v4KH83NWNBHZu949T/TvWFoMo21n/7A=
github.com/twmb/tlscfg v1.3.0 h1:FrRQp4vCyw17ged/cvN54+Ls6mbV/u+NqHZH/II9Gkw=
github.com/twmb/tlscfg v1.3.0/go.mod h1:CoNV7wFGrzBgm3IM4QYWgnRPcOIsQaeWwGwSjv7opms=
